
Microsoft Visual Studio Solution File, Format Version 11.00
# Visual Studio 2010
Project("{FAE04EC0-301F-11D3-BF4B-00C04F79EFBC}") = "Mouse", "Mouse\Mouse.csproj", "{9DAA78DF-497F-4574-A9D1-024350306CBA}"
	ProjectSection(ProjectDependencies) = postProject
		{7E376E8E-083F-4E31-849D-20DC90EFF727} = {7E376E8E-083F-4E31-849D-20DC90EFF727}
	EndProjectSection
EndProject
Project("{8BC9CEB8-8B4A-11D0-8D11-00A0C91BC942}") = "Dll", "Mouse\Dll\Dll\Dll.vcxproj", "{7E376E8E-083F-4E31-849D-20DC90EFF727}"
EndProject
Global
	GlobalSection(SolutionConfigurationPlatforms) = preSolution
		Debug|Any CPU = Debug|Any CPU
		Debug|Mixed Platforms = Debug|Mixed Platforms
		Debug|Win32 = Debug|Win32
		Debug|x86 = Debug|x86
		Release|Any CPU = Release|Any CPU
		Release|Mixed Platforms = Release|Mixed Platforms
		Release|Win32 = Release|Win32
		Release|x86 = Release|x86
	EndGlobalSection
	GlobalSection(ProjectConfigurationPlatforms) = postSolution
		{9DAA78DF-497F-4574-A9D1-024350306CBA}.Debug|Any CPU.ActiveCfg = Debug|Any CPU
		{9DAA78DF-497F-4574-A9D1-024350306CBA}.Debug|Any CPU.Build.0 = Debug|Any CPU
		{9DAA78DF-497F-4574-A9D1-024350306CBA}.Debug|Mixed Platforms.ActiveCfg = Debug|x86
		{9DAA78DF-497F-4574-A9D1-024350306CBA}.Debug|Mixed Platforms.Build.0 = Debug|x86
		{9DAA78DF-497F-4574-A9D1-024350306CBA}.Debug|Win32.ActiveCfg = Debug|x86
		{9DAA78DF-497F-4574-A9D1-024350306CBA}.Debug|x86.ActiveCfg = Debug|x86
		{9DAA78DF-497F-4574-A9D1-024350306CBA}.Debug|x86.Build.0 = Debug|x86
		{9DAA78DF-497F-4574-A9D1-024350306CBA}.Release|Any CPU.ActiveCfg = Release|Any CPU
		{9DAA78DF-497F-4574-A9D1-024350306CBA}.Release|Any CPU.Build.0 = Release|Any CPU
		{9DAA78DF-497F-4574-A9D1-024350306CBA}.Release|Mixed Platforms.ActiveCfg = Release|x86
		{9DAA78DF-497F-4574-A9D1-024350306CBA}.Release|Mixed Platforms.Build.0 = Release|x86
		{9DAA78DF-497F-4574-A9D1-024350306CBA}.Release|Win32.ActiveCfg = Release|x86
		{9DAA78DF-497F-4574-A9D1-024350306CBA}.Release|x86.ActiveCfg = Release|x86
		{9DAA78DF-497F-4574-A9D1-024350306CBA}.Release|x86.Build.0 = Release|x86
		{7E376E8E-083F-4E31-849D-20DC90EFF727}.Debug|Any CPU.ActiveCfg = Debug|Win32
		{7E376E8E-083F-4E31-849D-20DC90EFF727}.Debug|Mixed Platforms.ActiveCfg = Debug|Win32
		{7E376E8E-083F-4E31-849D-20DC90EFF727}.Debug|Mixed Platforms.Build.0 = Debug|Win32
		{7E376E8E-083F-4E31-849D-20DC90EFF727}.Debug|Win32.ActiveCfg = Debug|Win32
		{7E376E8E-083F-4E31-849D-20DC90EFF727}.Debug|Win32.Build.0 = Debug|Win32
		{7E376E8E-083F-4E31-849D-20DC90EFF727}.Debug|x86.ActiveCfg = Debug|Win32
		{7E376E8E-083F-4E31-849D-20DC90EFF727}.Release|Any CPU.ActiveCfg = Release|Win32
		{7E376E8E-083F-4E31-849D-20DC90EFF727}.Release|Mixed Platforms.ActiveCfg = Release|Win32
		{7E376E8E-083F-4E31-849D-20DC90EFF727}.Release|Mixed Platforms.Build.0 = Release|Win32
		{7E376E8E-083F-4E31-849D-20DC90EFF727}.Release|Win32.ActiveCfg = Release|Win32
		{7E376E8E-083F-4E31-849D-20DC90EFF727}.Release|Win32.Build.0 = Release|Win32
		{7E376E8E-083F-4E31-849D-20DC90EFF727}.Release|x86.ActiveCfg = Release|Win32
	EndGlobalSection
	GlobalSection(SolutionProperties) = preSolution
		HideSolutionNode = FALSE
	EndGlobalSection
EndGlobal
